
Microsoft Visual Studio Solution File, Format Version 12.00
# Visual Studio 14
VisualStudioVersion = 14.0.24720.0
MinimumVisualStudioVersion = 10.0.40219.1
Project("{FAE04EC0-301F-11D3-BF4B-00C04F79EFBC}") = "SoSApplication.Models", "SoSApplication.Models\SoSApplication.Models.csproj", "{0DF241D0-EA8D-4FDD-BED5-A1D676088071}"
EndProject
Project("{FAE04EC0-301F-11D3-BF4B-00C04F79EFBC}") = "SoSApplication.WebApp", "SoSApplication.WebApp\SoSApplication.WebApp.csproj", "{754945F5-7787-4C8E-A8CF-82CE708276ED}"
EndProject
Global
	GlobalSection(SolutionConfigurationPlatforms) = preSolution
		Debug|Any CPU = Debug|Any CPU
		Release|Any CPU = Release|Any CPU
	EndGlobalSection
	GlobalSection(ProjectConfigurationPlatforms) = postSolution
		{0DF241D0-EA8D-4FDD-BED5-A1D676088071}.Debug|Any CPU.ActiveCfg = Debug|Any CPU
		{0DF241D0-EA8D-4FDD-BED5-A1D676088071}.Debug|Any CPU.Build.0 = Debug|Any CPU
		{0DF241D0-EA8D-4FDD-BED5-A1D676088071}.Release|Any CPU.ActiveCfg = Release|Any CPU
		{0DF241D0-EA8D-4FDD-BED5-A1D676088071}.Release|Any CPU.Build.0 = Release|Any CPU
		{754945F5-7787-4C8E-A8CF-82CE708276ED}.Debug|Any CPU.ActiveCfg = Debug|Any CPU
		{754945F5-7787-4C8E-A8CF-82CE708276ED}.Debug|Any CPU.Build.0 = Debug|Any CPU
		{754945F5-7787-4C8E-A8CF-82CE708276ED}.Release|Any CPU.ActiveCfg = Release|Any CPU
		{754945F5-7787-4C8E-A8CF-82CE708276ED}.Release|Any CPU.Build.0 = Release|Any CPU
	EndGlobalSection
	GlobalSection(SolutionProperties) = preSolution
		HideSolutionNode = FALSE
	EndGlobalSection
	GlobalSection(TeamFoundationVersionControl) = preSolution
		SccNumberOfProjects = 3
		SccEnterpriseProvider = {4CA58AB2-18FA-4F8D-95D4-32DDF27D184C}
		SccTeamFoundationServer = https://mae-laurenesuralta.visualstudio.com/defaultcollection
		SccLocalPath0 = .
		SccProjectUniqueName1 = SoSApplication.Models\\SoSApplication.Models.csproj
		SccProjectName1 = SoSApplication.Models
		SccLocalPath1 = SoSApplication.Models
		SccProjectUniqueName2 = SoSApplication.WebApp\\SoSApplication.WebApp.csproj
		SccProjectName2 = SoSApplication.WebApp
		SccLocalPath2 = SoSApplication.WebApp
	EndGlobalSection
EndGlobal
